
Microsoft Visual Studio Solution File, Format Version 12.00
# Visual Studio Version 16
VisualStudioVersion = 16.0.31911.196
MinimumVisualStudioVersion = 10.0.40219.1
Project("{2150E333-8FDC-42A3-9474-1A3956D46DE8}") = "Solution Items", "Solution Items", "{65E59AD0-FBA6-4C3A-9234-2EB468201159}"
	ProjectSection(SolutionItems) = preProject
		.editorconfig = .editorconfig
	EndProjectSection
EndProject
Project("{2150E333-8FDC-42A3-9474-1A3956D46DE8}") = "src", "src", "{BEB4FBBC-BBA4-400E-AF82-F9943453447F}"
EndProject
Project("{9A19103F-16F7-4668-BE54-9A1E7A4F7556}") = "LeetCode001", "src\LeetCode001\LeetCode001.csproj", "{AAA11F0B-F655-444E-AB1C-4CEF9F3D2B25}"
EndProject
Project("{9A19103F-16F7-4668-BE54-9A1E7A4F7556}") = "LeetCode002", "src\LeetCode002\LeetCode002.csproj", "{FA6DCB04-2AF6-4E7A-9A16-B327C91F0CA0}"
EndProject
Project("{D954291E-2A0B-460D-934E-DC6B0785DB48}") = "Shared", "src\Shared\Shared.shproj", "{3A780727-B0A6-414C-93F0-9DF3A5641DB8}"
EndProject
Project("{FAE04EC0-301F-11D3-BF4B-00C04F79EFBC}") = "LeetCode007", "src\LeetCode007\LeetCode007.csproj", "{9413C086-3BA2-4820-A1CC-6E486AA40D66}"
EndProject
Global
	GlobalSection(SolutionConfigurationPlatforms) = preSolution
		Debug|Any CPU = Debug|Any CPU
		Release|Any CPU = Release|Any CPU
	EndGlobalSection
	GlobalSection(ProjectConfigurationPlatforms) = postSolution
		{AAA11F0B-F655-444E-AB1C-4CEF9F3D2B25}.Debug|Any CPU.ActiveCfg = Debug|Any CPU
		{AAA11F0B-F655-444E-AB1C-4CEF9F3D2B25}.Debug|Any CPU.Build.0 = Debug|Any CPU
		{AAA11F0B-F655-444E-AB1C-4CEF9F3D2B25}.Release|Any CPU.ActiveCfg = Release|Any CPU
		{AAA11F0B-F655-444E-AB1C-4CEF9F3D2B25}.Release|Any CPU.Build.0 = Release|Any CPU
		{FA6DCB04-2AF6-4E7A-9A16-B327C91F0CA0}.Debug|Any CPU.ActiveCfg = Debug|Any CPU
		{FA6DCB04-2AF6-4E7A-9A16-B327C91F0CA0}.Debug|Any CPU.Build.0 = Debug|Any CPU
		{FA6DCB04-2AF6-4E7A-9A16-B327C91F0CA0}.Release|Any CPU.ActiveCfg = Release|Any CPU
		{FA6DCB04-2AF6-4E7A-9A16-B327C91F0CA0}.Release|Any CPU.Build.0 = Release|Any CPU
		{9413C086-3BA2-4820-A1CC-6E486AA40D66}.Debug|Any CPU.ActiveCfg = Debug|Any CPU
		{9413C086-3BA2-4820-A1CC-6E486AA40D66}.Debug|Any CPU.Build.0 = Debug|Any CPU
		{9413C086-3BA2-4820-A1CC-6E486AA40D66}.Release|Any CPU.ActiveCfg = Release|Any CPU
		{9413C086-3BA2-4820-A1CC-6E486AA40D66}.Release|Any CPU.Build.0 = Release|Any CPU
	EndGlobalSection
	GlobalSection(SolutionProperties) = preSolution
		HideSolutionNode = FALSE
	EndGlobalSection
	GlobalSection(NestedProjects) = preSolution
		{AAA11F0B-F655-444E-AB1C-4CEF9F3D2B25} = {BEB4FBBC-BBA4-400E-AF82-F9943453447F}
		{FA6DCB04-2AF6-4E7A-9A16-B327C91F0CA0} = {BEB4FBBC-BBA4-400E-AF82-F9943453447F}
		{3A780727-B0A6-414C-93F0-9DF3A5641DB8} = {BEB4FBBC-BBA4-400E-AF82-F9943453447F}
		{9413C086-3BA2-4820-A1CC-6E486AA40D66} = {BEB4FBBC-BBA4-400E-AF82-F9943453447F}
	EndGlobalSection
	GlobalSection(ExtensibilityGlobals) = postSolution
		SolutionGuid = {F40A2491-5256-4581-A5C4-DBBD5B412780}
	EndGlobalSection
EndGlobal
